// !$*UTF8*$!
{
	archiveVersion = 1;
	classes = {
	};
	objectVersion = 55;
	objects = {

/* Begin PBXBuildFile section */
		A1BF18C32B03529300822DFD /* UIColor+Ext.swift in Sources */ = {isa = PBXBuildFile; fileRef = A1BF18C22B03529300822DFD /* UIColor+Ext.swift */; };
		A1BF18C52B035B3100822DFD /* MapView.swift in Sources */ = {isa = PBXBuildFile; fileRef = A1BF18C42B035B3100822DFD /* MapView.swift */; };
		A1D0A2712B01EBB20068ADFB /* FoodPinApp.swift in Sources */ = {isa = PBXBuildFile; fileRef = A1D0A2702B01EBB20068ADFB /* FoodPinApp.swift */; };
		A1D0A2732B01EBB20068ADFB /* RestaurantListView.swift in Sources */ = {isa = PBXBuildFile; fileRef = A1D0A2722B01EBB20068ADFB /* RestaurantListView.swift */; };
		A1D0A2752B01EBB40068ADFB /* Assets.xcassets in Resources */ = {isa = PBXBuildFile; fileRef = A1D0A2742B01EBB40068ADFB /* Assets.xcassets */; };
		A1D0A2782B01EBB40068ADFB /* Preview Assets.xcassets in Resources */ = {isa = PBXBuildFile; fileRef = A1D0A2772B01EBB40068ADFB /* Preview Assets.xcassets */; };
		A1D0A27F2B02021C0068ADFB /* Restaurant.swift in Sources */ = {isa = PBXBuildFile; fileRef = A1D0A27E2B02021C0068ADFB /* Restaurant.swift */; };
		A1D0A2832B020D340068ADFB /* ActivityView.swift in Sources */ = {isa = PBXBuildFile; fileRef = A1D0A2822B020D340068ADFB /* ActivityView.swift */; };
		A1D0A2852B0210AD0068ADFB /* RestaurantDetailView.swift in Sources */ = {isa = PBXBuildFile; fileRef = A1D0A2842B0210AD0068ADFB /* RestaurantDetailView.swift */; };
		A1D0A28A2B02176E0068ADFB /* Nunito-Bold.ttf in Resources */ = {isa = PBXBuildFile; fileRef = A1D0A2882B02176E0068ADFB /* Nunito-Bold.ttf */; };
		A1D0A28B2B02176E0068ADFB /* Nunito-Regular.ttf in Resources */ = {isa = PBXBuildFile; fileRef = A1D0A2892B02176E0068ADFB /* Nunito-Regular.ttf */; };
/* End PBXBuildFile section */

/* Begin PBXFileReference section */
		A1BF18C22B03529300822DFD /* UIColor+Ext.swift */ = {isa = PBXFileReference; lastKnownFileType = sourcecode.swift; path = "UIColor+Ext.swift"; sourceTree = "<group>"; };
		A1BF18C42B035B3100822DFD /* MapView.swift */ = {isa = PBXFileReference; lastKnownFileType = sourcecode.swift; path = MapView.swift; sourceTree = "<group>"; };
		A1D0A26D2B01EBB20068ADFB /* FoodPin.app */ = {isa = PBXFileReference; explicitFileType = wrapper.application; includeInIndex = 0; path = FoodPin.app; sourceTree = BUILT_PRODUCTS_DIR; };
		A1D0A2702B01EBB20068ADFB /* FoodPinApp.swift */ = {isa = PBXFileReference; lastKnownFileType = sourcecode.swift; path = FoodPinApp.swift; sourceTree = "<group>"; };
		A1D0A2722B01EBB20068ADFB /* RestaurantListView.swift */ = {isa = PBXFileReference; lastKnownFileType = sourcecode.swift; path = RestaurantListView.swift; sourceTree = "<group>"; };
		A1D0A2742B01EBB40068ADFB /* Assets.xcassets */ = {isa = PBXFileReference; lastKnownFileType = folder.assetcatalog; path = Assets.xcassets; sourceTree = "<group>"; };
		A1D0A2772B01EBB40068ADFB /* Preview Assets.xcassets */ = {isa = PBXFileReference; lastKnownFileType = folder.assetcatalog; path = "Preview Assets.xcassets"; sourceTree = "<group>"; };
		A1D0A27E2B02021C0068ADFB /* Restaurant.swift */ = {isa = PBXFileReference; lastKnownFileType = sourcecode.swift; path = Restaurant.swift; sourceTree = "<group>"; };
		A1D0A2822B020D340068ADFB /* ActivityView.swift */ = {isa = PBXFileReference; lastKnownFileType = sourcecode.swift; path = ActivityView.swift; sourceTree = "<group>"; };
		A1D0A2842B0210AD0068ADFB /* RestaurantDetailView.swift */ = {isa = PBXFileReference; lastKnownFileType = sourcecode.swift; path = RestaurantDetailView.swift; sourceTree = "<group>"; };
		A1D0A2882B02176E0068ADFB /* Nunito-Bold.ttf */ = {isa = PBXFileReference; lastKnownFileType = file; path = "Nunito-Bold.ttf"; sourceTree = "<group>"; };
		A1D0A2892B02176E0068ADFB /* Nunito-Regular.ttf */ = {isa = PBXFileReference; lastKnownFileType = file; path = "Nunito-Regular.ttf"; sourceTree = "<group>"; };
		A1D0A28C2B0217C80068ADFB /* Info.plist */ = {isa = PBXFileReference; lastKnownFileType = text.plist; path = Info.plist; sourceTree = "<group>"; };
/* End PBXFileReference section */

/* Begin PBXFrameworksBuildPhase section */
		A1D0A26A2B01EBB20068ADFB /* Frameworks */ = {
			isa = PBXFrameworksBuildPhase;
			buildActionMask = 2147483647;
			files = (
			);
			runOnlyForDeploymentPostprocessing = 0;
		};
/* End PBXFrameworksBuildPhase section */

/* Begin PBXGroup section */
		A1BF18C12B03526D00822DFD /* Extensions */ = {
			isa = PBXGroup;
			children = (
				A1BF18C22B03529300822DFD /* UIColor+Ext.swift */,
			);
			path = Extensions;
			sourceTree = "<group>";
		};
		A1D0A2642B01EBB20068ADFB = {
			isa = PBXGroup;
			children = (
				A1D0A26F2B01EBB20068ADFB /* FoodPin */,
				A1D0A26E2B01EBB20068ADFB /* Products */,
			);
			sourceTree = "<group>";
		};
		A1D0A26E2B01EBB20068ADFB /* Products */ = {
			isa = PBXGroup;
			children = (
				A1D0A26D2B01EBB20068ADFB /* FoodPin.app */,
			);
			name = Products;
			sourceTree = "<group>";
		};
		A1D0A26F2B01EBB20068ADFB /* FoodPin */ = {
			isa = PBXGroup;
			children = (
				A1BF18C12B03526D00822DFD /* Extensions */,
				A1D0A28C2B0217C80068ADFB /* Info.plist */,
				A1D0A2862B0216D50068ADFB /* Resources */,
				A1D0A2812B0206770068ADFB /* View */,
				A1D0A2802B02066E0068ADFB /* Model */,
				A1D0A2702B01EBB20068ADFB /* FoodPinApp.swift */,
				A1D0A2742B01EBB40068ADFB /* Assets.xcassets */,
				A1D0A2762B01EBB40068ADFB /* Preview Content */,
			);
			path = FoodPin;
			sourceTree = "<group>";
		};
		A1D0A2762B01EBB40068ADFB /* Preview Content */ = {
			isa = PBXGroup;
			children = (
				A1D0A2772B01EBB40068ADFB /* Preview Assets.xcassets */,
			);
			path = "Preview Content";
			sourceTree = "<group>";
		};
		A1D0A2802B02066E0068ADFB /* Model */ = {
			isa = PBXGroup;
			children = (
				A1D0A27E2B02021C0068ADFB /* Restaurant.swift */,
			);
			path = Model;
			sourceTree = "<group>";
		};
		A1D0A2812B0206770068ADFB /* View */ = {
			isa = PBXGroup;
			children = (
				A1D0A2722B01EBB20068ADFB /* RestaurantListView.swift */,
				A1D0A2822B020D340068ADFB /* ActivityView.swift */,
				A1D0A2842B0210AD0068ADFB /* RestaurantDetailView.swift */,
				A1BF18C42B035B3100822DFD /* MapView.swift */,
			);
			path = View;
			sourceTree = "<group>";
		};
		A1D0A2862B0216D50068ADFB /* Resources */ = {
			isa = PBXGroup;
			children = (
				A1D0A2872B0216EB0068ADFB /* Fonts */,
			);
			path = Resources;
			sourceTree = "<group>";
		};
		A1D0A2872B0216EB0068ADFB /* Fonts */ = {
			isa = PBXGroup;
			children = (
				A1D0A2882B02176E0068ADFB /* Nunito-Bold.ttf */,
				A1D0A2892B02176E0068ADFB /* Nunito-Regular.ttf */,
			);
			path = Fonts;
			sourceTree = "<group>";
		};
/* End PBXGroup section */

/* Begin PBXNativeTarget section */
		A1D0A26C2B01EBB20068ADFB /* FoodPin */ = {
			isa = PBXNativeTarget;
			buildConfigurationList = A1D0A27B2B01EBB40068ADFB /* Build configuration list for PBXNativeTarget "FoodPin" */;
			buildPhases = (
				A1D0A2692B01EBB20068ADFB /* Sources */,
				A1D0A26A2B01EBB20068ADFB /* Frameworks */,
				A1D0A26B2B01EBB20068ADFB /* Resources */,
			);
			buildRules = (
			);
			dependencies = (
			);
			name = FoodPin;
			productName = FoodPin;
			productReference = A1D0A26D2B01EBB20068ADFB /* FoodPin.app */;
			productType = "com.apple.product-type.application";
		};
/* End PBXNativeTarget section */

/* Begin PBXProject section */
		A1D0A2652B01EBB20068ADFB /* Project object */ = {
			isa = PBXProject;
			attributes = {
				BuildIndependentTargetsInParallel = 1;
				LastSwiftUpdateCheck = 1320;
				LastUpgradeCheck = 1320;
				TargetAttributes = {
					A1D0A26C2B01EBB20068ADFB = {
						CreatedOnToolsVersion = 13.2.1;
					};
				};
			};
			buildConfigurationList = A1D0A2682B01EBB20068ADFB /* Build configuration list for PBXProject "FoodPin" */;
			compatibilityVersion = "Xcode 13.0";
			developmentRegion = en;
			hasScannedForEncodings = 0;
			knownRegions = (
				en,
				Base,
			);
			mainGroup = A1D0A2642B01EBB20068ADFB;
			productRefGroup = A1D0A26E2B01EBB20068ADFB /* Products */;
			projectDirPath = "";
			projectRoot = "";
			targets = (
				A1D0A26C2B01EBB20068ADFB /* FoodPin */,
			);
		};
/* End PBXProject section */

/* Begin PBXResourcesBuildPhase section */
		A1D0A26B2B01EBB20068ADFB /* Resources */ = {
			isa = PBXResourcesBuildPhase;
			buildActionMask = 2147483647;
			files = (
				A1D0A2782B01EBB40068ADFB /* Preview Assets.xcassets in Resources */,
				A1D0A28A2B02176E0068ADFB /* Nunito-Bold.ttf in Resources */,
				A1D0A28B2B02176E0068ADFB /* Nunito-Regular.ttf in Resources */,
				A1D0A2752B01EBB40068ADFB /* Assets.xcassets in Resources */,
			);
			runOnlyForDeploymentPostprocessing = 0;
		};
/* End PBXResourcesBuildPhase section */

/* Begin PBXSourcesBuildPhase section */
		A1D0A2692B01EBB20068ADFB /* Sources */ = {
			isa = PBXSourcesBuildPhase;
			buildActionMask = 2147483647;
			files = (
				A1BF18C52B035B3100822DFD /* MapView.swift in Sources */,
				A1D0A2732B01EBB20068ADFB /* RestaurantListView.swift in Sources */,
				A1D0A2852B0210AD0068ADFB /* RestaurantDetailView.swift in Sources */,
				A1D0A2832B020D340068ADFB /* ActivityView.swift in Sources */,
				A1BF18C32B03529300822DFD /* UIColor+Ext.swift in Sources */,
				A1D0A2712B01EBB20068ADFB /* FoodPinApp.swift in Sources */,
				A1D0A27F2B02021C0068ADFB /* Restaurant.swift in Sources */,
			);
			runOnlyForDeploymentPostprocessing = 0;
		};
/* End PBXSourcesBuildPhase section */

/* Begin XCBuildConfiguration section */
		A1D0A2792B01EBB40068ADFB /* Debug */ = {
			isa = XCBuildConfiguration;
			buildSettings = {
				ALWAYS_SEARCH_USER_PATHS = NO;
				CLANG_ANALYZER_NONNULL = YES;
				CLANG_ANALYZER_NUMBER_OBJECT_CONVERSION = YES_AGGRESSIVE;
				CLANG_CXX_LANGUAGE_STANDARD = "gnu++17";
				CLANG_CXX_LIBRARY = "libc++";
				CLANG_ENABLE_MODULES = YES;
				CLANG_ENABLE_OBJC_ARC = YES;
				CLANG_ENABLE_OBJC_WEAK = YES;
				CLANG_WARN_BLOCK_CAPTURE_AUTORELEASING = YES;
				CLANG_WARN_BOOL_CONVERSION = YES;
				CLANG_WARN_COMMA = YES;
				CLANG_WARN_CONSTANT_CONVERSION = YES;
				CLANG_WARN_DEPRECATED_OBJC_IMPLEMENTATIONS = YES;
				CLANG_WARN_DIRECT_OBJC_ISA_USAGE = YES_ERROR;
				CLANG_WARN_DOCUMENTATION_COMMENTS = YES;
				CLANG_WARN_EMPTY_BODY = YES;
				CLANG_WARN_ENUM_CONVERSION = YES;
				CLANG_WARN_INFINITE_RECURSION = YES;
				CLANG_WARN_INT_CONVERSION = YES;
				CLANG_WARN_NON_LITERAL_NULL_CONVERSION = YES;
				CLANG_WARN_OBJC_IMPLICIT_RETAIN_SELF = YES;
				CLANG_WARN_OBJC_LITERAL_CONVERSION = YES;
				CLANG_WARN_OBJC_ROOT_CLASS = YES_ERROR;
				CLANG_WARN_QUOTED_INCLUDE_IN_FRAMEWORK_HEADER = YES;
				CLANG_WARN_RANGE_LOOP_ANALYSIS = YES;
				CLANG_WARN_STRICT_PROTOTYPES = YES;
				CLANG_WARN_SUSPICIOUS_MOVE = YES;
				CLANG_WARN_UNGUARDED_AVAILABILITY = YES_AGGRESSIVE;
				CLANG_WARN_UNREACHABLE_CODE = YES;
				CLANG_WARN__DUPLICATE_METHOD_MATCH = YES;
				COPY_PHASE_STRIP = NO;
				DEBUG_INFORMATION_FORMAT = dwarf;
				ENABLE_STRICT_OBJC_MSGSEND = YES;
				ENABLE_TESTABILITY = YES;
				GCC_C_LANGUAGE_STANDARD = gnu11;
				GCC_DYNAMIC_NO_PIC = NO;
				GCC_NO_COMMON_BLOCKS = YES;
				GCC_OPTIMIZATION_LEVEL = 0;
				GCC_PREPROCESSOR_DEFINITIONS = (
					"DEBUG=1",
					"$(inherited)",
				);
				GCC_WARN_64_TO_32_BIT_CONVERSION = YES;
				GCC_WARN_ABOUT_RETURN_TYPE = YES_ERROR;
				GCC_WARN_UNDECLARED_SELECTOR = YES;
				GCC_WARN_UNINITIALIZED_AUTOS = YES_AGGRESSIVE;
				GCC_WARN_UNUSED_FUNCTION = YES;
				GCC_WARN_UNUSED_VARIABLE = YES;
				IPHONEOS_DEPLOYMENT_TARGET = 15.2;
				MTL_ENABLE_DEBUG_INFO = INCLUDE_SOURCE;
				MTL_FAST_MATH = YES;
				ONLY_ACTIVE_ARCH = YES;
				SDKROOT = iphoneos;
				SWIFT_ACTIVE_COMPILATION_CONDITIONS = DEBUG;
				SWIFT_OPTIMIZATION_LEVEL = "-Onone";
			};
			name = Debug;
		};
		A1D0A27A2B01EBB40068ADFB /* Release */ = {
			isa = XCBuildConfiguration;
			buildSettings = {
				ALWAYS_SEARCH_USER_PATHS = NO;
				CLANG_ANALYZER_NONNULL = YES;
				CLANG_ANALYZER_NUMBER_OBJECT_CONVERSION = YES_AGGRESSIVE;
				CLANG_CXX_LANGUAGE_STANDARD = "gnu++17";
				CLANG_CXX_LIBRARY = "libc++";
				CLANG_ENABLE_MODULES = YES;
				CLANG_ENABLE_OBJC_ARC = YES;
				CLANG_ENABLE_OBJC_WEAK = YES;
				CLANG_WARN_BLOCK_CAPTURE_AUTORELEASING = YES;
				CLANG_WARN_BOOL_CONVERSION = YES;
				CLANG_WARN_COMMA = YES;
				CLANG_WARN_CONSTANT_CONVERSION = YES;
				CLANG_WARN_DEPRECATED_OBJC_IMPLEMENTATIONS = YES;
				CLANG_WARN_DIRECT_OBJC_ISA_USAGE = YES_ERROR;
				CLANG_WARN_DOCUMENTATION_COMMENTS = YES;
				CLANG_WARN_EMPTY_BODY = YES;
				CLANG_WARN_ENUM_CONVERSION = YES;
				CLANG_WARN_INFINITE_RECURSION = YES;
				CLANG_WARN_INT_CONVERSION = YES;
				CLANG_WARN_NON_LITERAL_NULL_CONVERSION = YES;
				CLANG_WARN_OBJC_IMPLICIT_RETAIN_SELF = YES;
				CLANG_WARN_OBJC_LITERAL_CONVERSION = YES;
				CLANG_WARN_OBJC_ROOT_CLASS = YES_ERROR;
				CLANG_WARN_QUOTED_INCLUDE_IN_FRAMEWORK_HEADER = YES;
				CLANG_WARN_RANGE_LOOP_ANALYSIS = YES;
				CLANG_WARN_STRICT_PROTOTYPES = YES;
				CLANG_WARN_SUSPICIOUS_MOVE = YES;
				CLANG_WARN_UNGUARDED_AVAILABILITY = YES_AGGRESSIVE;
				CLANG_WARN_UNREACHABLE_CODE = YES;
				CLANG_WARN__DUPLICATE_METHOD_MATCH = YES;
				COPY_PHASE_STRIP = NO;
				DEBUG_INFORMATION_FORMAT = "dwarf-with-dsym";
				ENABLE_NS_ASSERTIONS = NO;
				ENABLE_STRICT_OBJC_MSGSEND = YES;
				GCC_C_LANGUAGE_STANDARD = gnu11;
				GCC_NO_COMMON_BLOCKS = YES;
				GCC_WARN_64_TO_32_BIT_CONVERSION = YES;
				GCC_WARN_ABOUT_RETURN_TYPE = YES_ERROR;
				GCC_WARN_UNDECLARED_SELECTOR = YES;
				GCC_WARN_UNINITIALIZED_AUTOS = YES_AGGRESSIVE;
				GCC_WARN_UNUSED_FUNCTION = YES;
				GCC_WARN_UNUSED_VARIABLE = YES;
				IPHONEOS_DEPLOYMENT_TARGET = 15.2;
				MTL_ENABLE_DEBUG_INFO = NO;
				MTL_FAST_MATH = YES;
				SDKROOT = iphoneos;
				SWIFT_COMPILATION_MODE = wholemodule;
				SWIFT_OPTIMIZATION_LEVEL = "-O";
				VALIDATE_PRODUCT = YES;
			};
			name = Release;
		};
		A1D0A27C2B01EBB40068ADFB /* Debug */ = {
			isa = XCBuildConfiguration;
			buildSettings = {
				ASSETCATALOG_COMPILER_APPICON_NAME = AppIcon;
				ASSETCATALOG_COMPILER_GLOBAL_ACCENT_COLOR_NAME = AccentColor;
				CODE_SIGN_STYLE = Automatic;
				CURRENT_PROJECT_VERSION = 1;
				DEVELOPMENT_ASSET_PATHS = "\"FoodPin/Preview Content\"";
				DEVELOPMENT_TEAM = 27YZKU4MRD;
				ENABLE_PREVIEWS = YES;
				GENERATE_INFOPLIST_FILE = YES;
				INFOPLIST_FILE = FoodPin/Info.plist;
				INFOPLIST_KEY_LSApplicationCategoryType = "";
				INFOPLIST_KEY_UIApplicationSceneManifest_Generation = YES;
				INFOPLIST_KEY_UIApplicationSupportsIndirectInputEvents = YES;
				INFOPLIST_KEY_UILaunchScreen_Generation = YES;
				INFOPLIST_KEY_UISupportedInterfaceOrientations_iPad = "UIInterfaceOrientationPortrait UIInterfaceOrientationPortraitUpsideDown UIInterfaceOrientationLandscapeLeft UIInterfaceOrientationLandscapeRight";
				INFOPLIST_KEY_UISupportedInterfaceOrientations_iPhone = "UIInterfaceOrientationPortrait UIInterfaceOrientationLandscapeLeft UIInterfaceOrientationLandscapeRight";
				LD_RUNPATH_SEARCH_PATHS = (
					"$(inherited)",
					"@executable_path/Frameworks",
				);
				MARKETING_VERSION = 1.0;
				PRODUCT_BUNDLE_IDENTIFIER = com.appcoda.FoodPin;
				PRODUCT_NAME = "$(TARGET_NAME)";
				SWIFT_EMIT_LOC_STRINGS = YES;
				SWIFT_VERSION = 5.0;
				TARGETED_DEVICE_FAMILY = "1,2";
			};
			name = Debug;
		};
		A1D0A27D2B01EBB40068ADFB /* Release */ = {
			isa = XCBuildConfiguration;
			buildSettings = {
				ASSETCATALOG_COMPILER_APPICON_NAME = AppIcon;
				ASSETCATALOG_COMPILER_GLOBAL_ACCENT_COLOR_NAME = AccentColor;
				CODE_SIGN_STYLE = Automatic;
				CURRENT_PROJECT_VERSION = 1;
				DEVELOPMENT_ASSET_PATHS = "\"FoodPin/Preview Content\"";
				DEVELOPMENT_TEAM = 27YZKU4MRD;
				ENABLE_PREVIEWS = YES;
				GENERATE_INFOPLIST_FILE = YES;
				INFOPLIST_FILE = FoodPin/Info.plist;
				INFOPLIST_KEY_LSApplicationCategoryType = "";
				INFOPLIST_KEY_UIApplicationSceneManifest_Generation = YES;
				INFOPLIST_KEY_UIApplicationSupportsIndirectInputEvents = YES;
				INFOPLIST_KEY_UILaunchScreen_Generation = YES;
				INFOPLIST_KEY_UISupportedInterfaceOrientations_iPad = "UIInterfaceOrientationPortrait UIInterfaceOrientationPortraitUpsideDown UIInterfaceOrientationLandscapeLeft UIInterfaceOrientationLandscapeRight";
				INFOPLIST_KEY_UISupportedInterfaceOrientations_iPhone = "UIInterfaceOrientationPortrait UIInterfaceOrientationLandscapeLeft UIInterfaceOrientationLandscapeRight";
				LD_RUNPATH_SEARCH_PATHS = (
					"$(inherited)",
					"@executable_path/Frameworks",
				);
				MARKETING_VERSION = 1.0;
				PRODUCT_BUNDLE_IDENTIFIER = com.appcoda.FoodPin;
				PRODUCT_NAME = "$(TARGET_NAME)";
				SWIFT_EMIT_LOC_STRINGS = YES;
				SWIFT_VERSION = 5.0;
				TARGETED_DEVICE_FAMILY = "1,2";
			};
			name = Release;
		};
/* End XCBuildConfiguration section */

/* Begin XCConfigurationList section */
		A1D0A2682B01EBB20068ADFB /* Build configuration list for PBXProject "FoodPin" */ = {
			isa = XCConfigurationList;
			buildConfigurations = (
				A1D0A2792B01EBB40068ADFB /* Debug */,
				A1D0A27A2B01EBB40068ADFB /* Release */,
			);
			defaultConfigurationIsVisible = 0;
			defaultConfigurationName = Release;
		};
		A1D0A27B2B01EBB40068ADFB /* Build configuration list for PBXNativeTarget "FoodPin" */ = {
			isa = XCConfigurationList;
			buildConfigurations = (
				A1D0A27C2B01EBB40068ADFB /* Debug */,
				A1D0A27D2B01EBB40068ADFB /* Release */,
			);
			defaultConfigurationIsVisible = 0;
			defaultConfigurationName = Release;
		};
/* End XCConfigurationList section */
	};
	rootObject = A1D0A2652B01EBB20068ADFB /* Project object */;
}
